
Microsoft Visual Studio Solution File, Format Version 12.00
# Visual Studio 15
Project("{FAE04EC0-301F-11D3-BF4B-00C04F79EFBC}") = "exemploweb-mvc", "exemploweb-mvc.csproj", "{042F0E28-E66B-46CA-A9AE-69899140A2D6}"
EndProject
Global
	GlobalSection(SolutionConfigurationPlatforms) = preSolution
		Debug|Any CPU = Debug|Any CPU
		Release|Any CPU = Release|Any CPU
	EndGlobalSection
	GlobalSection(ProjectConfigurationPlatforms) = postSolution
		{042F0E28-E66B-46CA-A9AE-69899140A2D6}.Debug|Any CPU.ActiveCfg = Debug|Any CPU
		{042F0E28-E66B-46CA-A9AE-69899140A2D6}.Debug|Any CPU.Build.0 = Debug|Any CPU
		{042F0E28-E66B-46CA-A9AE-69899140A2D6}.Release|Any CPU.ActiveCfg = Release|Any CPU
		{042F0E28-E66B-46CA-A9AE-69899140A2D6}.Release|Any CPU.Build.0 = Release|Any CPU
	EndGlobalSection
EndGlobal
